
Microsoft Visual Studio Solution File, Format Version 12.00
# Visual Studio Version 16
VisualStudioVersion = 16.0.34407.143
MinimumVisualStudioVersion = 10.0.40219.1
Project("{FAE04EC0-301F-11D3-BF4B-00C04F79EFBC}") = "_BookNeT_", "_BookNeT_\_BookNeT_.csproj", "{68249921-8C42-4910-9D49-E480CF717C0E}"
EndProject
Global
	GlobalSection(SolutionConfigurationPlatforms) = preSolution
		Debug|Any CPU = Debug|Any CPU
		Release|Any CPU = Release|Any CPU
	EndGlobalSection
	GlobalSection(ProjectConfigurationPlatforms) = postSolution
		{68249921-8C42-4910-9D49-E480CF717C0E}.Debug|Any CPU.ActiveCfg = Debug|Any CPU
		{68249921-8C42-4910-9D49-E480CF717C0E}.Debug|Any CPU.Build.0 = Debug|Any CPU
		{68249921-8C42-4910-9D49-E480CF717C0E}.Release|Any CPU.ActiveCfg = Release|Any CPU
		{68249921-8C42-4910-9D49-E480CF717C0E}.Release|Any CPU.Build.0 = Release|Any CPU
	EndGlobalSection
	GlobalSection(SolutionProperties) = preSolution
		HideSolutionNode = FALSE
	EndGlobalSection
	GlobalSection(ExtensibilityGlobals) = postSolution
		SolutionGuid = {0109D4A0-88FE-42AD-BC6F-4CBED480EED8}
	EndGlobalSection
EndGlobal
